<?xml version="1.0" encoding="utf-8"?>
<Project ToolsVersion="4.0" xmlns="http://schemas.microsoft.com/developer/msbuild/2003">
  <ItemGroup>
    <CudaCompile Include="kernel.cu">
      <Filter>src</Filter>
    </CudaCompile>
    <CudaCompile Include="Memory.cu">
      <Filter>src</Filter>
    </CudaCompile>
    <CudaCompile Include="Arithmetic.cu">
      <Filter>src</Filter>
    </CudaCompile>
    <CudaCompile Include="Test.cu">
      <Filter>src</Filter>
    </CudaCompile>
  </ItemGroup>
  <ItemGroup>
    <Filter Include="header">
      <UniqueIdentifier>{6f925930-a90c-43ef-8e97-671c1aaf24cc}</UniqueIdentifier>
    </Filter>
    <Filter Include="src">
      <UniqueIdentifier>{5fa62c8c-3f06-47c5-9edf-204918e16a70}</UniqueIdentifier>
    </Filter>
  </ItemGroup>
  <ItemGroup>
    <ClInclude Include="kernel.h">
      <Filter>header</Filter>
    </ClInclude>
    <ClInclude Include="Test.h">
      <Filter>header</Filter>
    </ClInclude>
  </ItemGroup>
  <ItemGroup>
    <ClCompile Include="TestMain.cpp">
      <Filter>src</Filter>
    </ClCompile>
  </ItemGroup>
</Project>